
Microsoft Visual Studio Solution File, Format Version 12.00
# Visual Studio Version 17
VisualStudioVersion = 17.3.32825.248
MinimumVisualStudioVersion = 10.0.40219.1
Project("{FAE04EC0-301F-11D3-BF4B-00C04F79EFBC}") = "Quiz4", "Quiz4.csproj", "{ECAA4CA1-9D67-4D28-9D45-AA2AB3FD8907}"
EndProject
Global
	GlobalSection(SolutionConfigurationPlatforms) = preSolution
		Debug|Any CPU = Debug|Any CPU
		Release|Any CPU = Release|Any CPU
	EndGlobalSection
	GlobalSection(ProjectConfigurationPlatforms) = postSolution
		{ECAA4CA1-9D67-4D28-9D45-AA2AB3FD8907}.Debug|Any CPU.ActiveCfg = Debug|Any CPU
		{ECAA4CA1-9D67-4D28-9D45-AA2AB3FD8907}.Debug|Any CPU.Build.0 = Debug|Any CPU
		{ECAA4CA1-9D67-4D28-9D45-AA2AB3FD8907}.Release|Any CPU.ActiveCfg = Release|Any CPU
		{ECAA4CA1-9D67-4D28-9D45-AA2AB3FD8907}.Release|Any CPU.Build.0 = Release|Any CPU
	EndGlobalSection
	GlobalSection(SolutionProperties) = preSolution
		HideSolutionNode = FALSE
	EndGlobalSection
	GlobalSection(ExtensibilityGlobals) = postSolution
		SolutionGuid = {F7B5ACC6-E4CC-4B13-B49F-EC6D46103C90}
	EndGlobalSection
EndGlobal
